
Microsoft Visual Studio Solution File, Format Version 12.00
# Visual Studio Version 16
VisualStudioVersion = 25.0.1705.6
MinimumVisualStudioVersion = 10.0.40219.1
Project("{FAE04EC0-301F-11D3-BF4B-00C04F79EFBC}") = "Laboratorio", "Laboratorio\Laboratorio.csproj", "{83227D81-0CD1-4CE2-89A6-8329EF40D9FD}"
EndProject
Global
	GlobalSection(SolutionConfigurationPlatforms) = preSolution
		Debug|Any CPU = Debug|Any CPU
		Release|Any CPU = Release|Any CPU
	EndGlobalSection
	GlobalSection(ProjectConfigurationPlatforms) = postSolution
		{83227D81-0CD1-4CE2-89A6-8329EF40D9FD}.Debug|Any CPU.ActiveCfg = Debug|Any CPU
		{83227D81-0CD1-4CE2-89A6-8329EF40D9FD}.Debug|Any CPU.Build.0 = Debug|Any CPU
		{83227D81-0CD1-4CE2-89A6-8329EF40D9FD}.Release|Any CPU.ActiveCfg = Release|Any CPU
		{83227D81-0CD1-4CE2-89A6-8329EF40D9FD}.Release|Any CPU.Build.0 = Release|Any CPU
	EndGlobalSection
	GlobalSection(SolutionProperties) = preSolution
		HideSolutionNode = FALSE
	EndGlobalSection
	GlobalSection(ExtensibilityGlobals) = postSolution
		SolutionGuid = {60662090-21E5-42DF-92BD-47DC29A629D8}
	EndGlobalSection
EndGlobal
